
Microsoft Visual Studio Solution File, Format Version 12.00
# Visual Studio 15
VisualStudioVersion = 15.0.26730.3
MinimumVisualStudioVersion = 10.0.40219.1
Project("{9A19103F-16F7-4668-BE54-9A1E7A4F7556}") = "CityInfo.WebApi", "CityInfo.WebApi\CityInfo.WebApi.csproj", "{1E889D64-A710-4194-887C-96436A58344B}"
EndProject
Project("{9A19103F-16F7-4668-BE54-9A1E7A4F7556}") = "CityInfo.Contracts", "CityInfo.Contracts\CityInfo.Contracts.csproj", "{CBF430DF-DE66-48CF-B60F-51482FDEA900}"
EndProject
Global
	GlobalSection(SolutionConfigurationPlatforms) = preSolution
		Debug|Any CPU = Debug|Any CPU
		Release|Any CPU = Release|Any CPU
	EndGlobalSection
	GlobalSection(ProjectConfigurationPlatforms) = postSolution
		{1E889D64-A710-4194-887C-96436A58344B}.Debug|Any CPU.ActiveCfg = Debug|Any CPU
		{1E889D64-A710-4194-887C-96436A58344B}.Debug|Any CPU.Build.0 = Debug|Any CPU
		{1E889D64-A710-4194-887C-96436A58344B}.Release|Any CPU.ActiveCfg = Release|Any CPU
		{1E889D64-A710-4194-887C-96436A58344B}.Release|Any CPU.Build.0 = Release|Any CPU
		{CBF430DF-DE66-48CF-B60F-51482FDEA900}.Debug|Any CPU.ActiveCfg = Debug|Any CPU
		{CBF430DF-DE66-48CF-B60F-51482FDEA900}.Debug|Any CPU.Build.0 = Debug|Any CPU
		{CBF430DF-DE66-48CF-B60F-51482FDEA900}.Release|Any CPU.ActiveCfg = Release|Any CPU
		{CBF430DF-DE66-48CF-B60F-51482FDEA900}.Release|Any CPU.Build.0 = Release|Any CPU
	EndGlobalSection
	GlobalSection(SolutionProperties) = preSolution
		HideSolutionNode = FALSE
	EndGlobalSection
	GlobalSection(ExtensibilityGlobals) = postSolution
		SolutionGuid = {AA02BEE8-5637-44C4-A209-8EA38F1B079D}
	EndGlobalSection
EndGlobal
